# THIS IS AN AUTOGENERATED FILE. DO NOT EDIT THIS FILE DIRECTLY.
# yarn lockfile v1


buchu@^1.0.15:
  version "1.0.15"
  resolved "https://registry.yarnpkg.com/buchu/-/buchu-1.0.15.tgz#26233dbd02c584a3d499954fd30b4bada55961a1"
  integrity sha512-VoVKH2Z3mJNJu4QpwfeDCdDNC1j8gu3MW8DSQ+evwDCBcEv3uWtTvYLz3VTT/FHLYSqvhCk+34tt2mh9N3MPuA==
  dependencies:
    suma "^1.0.10"
    uuid "^8.3.2"
  optionalDependencies:
    gotu "^1.0.21"

deepmerge@^4.2.2:
  version "4.2.2"
  resolved "https://registry.yarnpkg.com/deepmerge/-/deepmerge-4.2.2.tgz#44d2ea3679b8f4d4ffba33f03d865fc1e7bf4955"
  integrity sha512-FJ3UgI4gIl+PHZm53knsuSFpE+nESMr7M4v9QcgB7S63Kj/6WqMiFQJpBBYz1Pt+66bZpP3Q7Lye0Oo9MPKEdg==

gotu@^1.0.21, gotu@^1.0.22:
  version "1.0.22"
  resolved "https://registry.yarnpkg.com/gotu/-/gotu-1.0.22.tgz#333a52e66b682f4ff654298912378f8ea92567fe"
  integrity sha512-7Dq6SpoiK2g8k2uuucm6nzj1uWpIpmEDWZiKlToW4DKxMF4iPDsFaWY0t4FNH+ty21OxPpTIgl4x9Miuc5cYiw==
  dependencies:
    suma "^1.0.10"

suma@^1.0.10:
  version "1.0.10"
  resolved "https://registry.yarnpkg.com/suma/-/suma-1.0.10.tgz#672944c2920b88424cb9557246d2915e026f8876"
  integrity sha512-pX4mrNsbr7fIUWuFHvFG058QqPLUV6DRcRI8CALAZ9BwJy0ekA6jrASH3yAbmHpXPdyszB98M4SWYuNG7QR0Pg==

uuid@^8.3.2:
  version "8.3.2"
  resolved "https://registry.yarnpkg.com/uuid/-/uuid-8.3.2.tgz#80d5b5ced271bb9af6c445f21a1a04c606cefbe2"
  integrity sha512-+NYs2QeMWy+GWFOEm9xnn6HCDp0l7QBD7ml8zLUmJ+93Q5NF0NocErnwkTkXVFNiX3/fpC6afS8Dhb/gz7R7eg==
